
Microsoft Visual Studio Solution File, Format Version 12.00
# Visual Studio Version 17
VisualStudioVersion = 17.5.33530.505
MinimumVisualStudioVersion = 10.0.40219.1
Project("{FAE04EC0-301F-11D3-BF4B-00C04F79EFBC}") = "KhaloudWebApplication(MVC).PL", "KhaloudWebApplication(MVC)\KhaloudWebApplication(MVC).PL.csproj", "{71E57D48-C899-46CA-AEE3-B1B258F964C6}"
EndProject
Project("{FAE04EC0-301F-11D3-BF4B-00C04F79EFBC}") = "KhaloudWebApplication(MVC).BLL", "KhaloudWebApplication(MVC).BLL\KhaloudWebApplication(MVC).BLL.csproj", "{9429FACF-5897-44B9-A49F-E17CE83DACB7}"
EndProject
Project("{FAE04EC0-301F-11D3-BF4B-00C04F79EFBC}") = "KhaloudWebApplication(MVC).DAL", "KhaloudWebApplication(MVC).DAL\KhaloudWebApplication(MVC).DAL.csproj", "{77325358-F23F-4BBC-9397-A081879D465A}"
EndProject
Global
	GlobalSection(SolutionConfigurationPlatforms) = preSolution
		Debug|Any CPU = Debug|Any CPU
		Release|Any CPU = Release|Any CPU
	EndGlobalSection
	GlobalSection(ProjectConfigurationPlatforms) = postSolution
		{71E57D48-C899-46CA-AEE3-B1B258F964C6}.Debug|Any CPU.ActiveCfg = Debug|Any CPU
		{71E57D48-C899-46CA-AEE3-B1B258F964C6}.Debug|Any CPU.Build.0 = Debug|Any CPU
		{71E57D48-C899-46CA-AEE3-B1B258F964C6}.Release|Any CPU.ActiveCfg = Release|Any CPU
		{71E57D48-C899-46CA-AEE3-B1B258F964C6}.Release|Any CPU.Build.0 = Release|Any CPU
		{9429FACF-5897-44B9-A49F-E17CE83DACB7}.Debug|Any CPU.ActiveCfg = Debug|Any CPU
		{9429FACF-5897-44B9-A49F-E17CE83DACB7}.Debug|Any CPU.Build.0 = Debug|Any CPU
		{9429FACF-5897-44B9-A49F-E17CE83DACB7}.Release|Any CPU.ActiveCfg = Release|Any CPU
		{9429FACF-5897-44B9-A49F-E17CE83DACB7}.Release|Any CPU.Build.0 = Release|Any CPU
		{77325358-F23F-4BBC-9397-A081879D465A}.Debug|Any CPU.ActiveCfg = Debug|Any CPU
		{77325358-F23F-4BBC-9397-A081879D465A}.Debug|Any CPU.Build.0 = Debug|Any CPU
		{77325358-F23F-4BBC-9397-A081879D465A}.Release|Any CPU.ActiveCfg = Release|Any CPU
		{77325358-F23F-4BBC-9397-A081879D465A}.Release|Any CPU.Build.0 = Release|Any CPU
	EndGlobalSection
	GlobalSection(SolutionProperties) = preSolution
		HideSolutionNode = FALSE
	EndGlobalSection
	GlobalSection(ExtensibilityGlobals) = postSolution
		SolutionGuid = {77E9292F-55C0-49F1-8EEA-39B4D3C52F9A}
	EndGlobalSection
EndGlobal
